
Microsoft Visual Studio Solution File, Format Version 12.00
# Visual Studio 2013
VisualStudioVersion = 12.0.31101.0
MinimumVisualStudioVersion = 10.0.40219.1
Project("{FAE04EC0-301F-11D3-BF4B-00C04F79EFBC}") = "Rocket.Globalization", "Rocket.Globalization\Rocket.Globalization.csproj", "{AC7B4FBB-608B-4250-A0AE-E1AF784909DE}"
EndProject
Project("{FAE04EC0-301F-11D3-BF4B-00C04F79EFBC}") = "Rocket.Globalization.Test.Unit", "Rocket.Globalization.Test.Unit\Rocket.Globalization.Test.Unit.csproj", "{DFC4D3A7-A651-4D72-ACB6-1E619B728DE6}"
EndProject
Project("{FAE04EC0-301F-11D3-BF4B-00C04F79EFBC}") = "Rocket.Test", "..\rocket\Rocket.Test\Rocket.Test.csproj", "{3AD629B7-6D2F-42AB-920B-CD847AE97020}"
EndProject
Project("{FAE04EC0-301F-11D3-BF4B-00C04F79EFBC}") = "Rocket.Core", "..\rocket\Rocket.Core\Rocket.Core.csproj", "{5F37A3D2-570C-42B4-9B6F-C9880B4D0A43}"
EndProject
Global
	GlobalSection(SolutionConfigurationPlatforms) = preSolution
		Debug|Any CPU = Debug|Any CPU
		Release|Any CPU = Release|Any CPU
	EndGlobalSection
	GlobalSection(ProjectConfigurationPlatforms) = postSolution
		{AC7B4FBB-608B-4250-A0AE-E1AF784909DE}.Debug|Any CPU.ActiveCfg = Debug|Any CPU
		{AC7B4FBB-608B-4250-A0AE-E1AF784909DE}.Debug|Any CPU.Build.0 = Debug|Any CPU
		{AC7B4FBB-608B-4250-A0AE-E1AF784909DE}.Release|Any CPU.ActiveCfg = Release|Any CPU
		{AC7B4FBB-608B-4250-A0AE-E1AF784909DE}.Release|Any CPU.Build.0 = Release|Any CPU
		{DFC4D3A7-A651-4D72-ACB6-1E619B728DE6}.Debug|Any CPU.ActiveCfg = Debug|Any CPU
		{DFC4D3A7-A651-4D72-ACB6-1E619B728DE6}.Debug|Any CPU.Build.0 = Debug|Any CPU
		{DFC4D3A7-A651-4D72-ACB6-1E619B728DE6}.Release|Any CPU.ActiveCfg = Release|Any CPU
		{DFC4D3A7-A651-4D72-ACB6-1E619B728DE6}.Release|Any CPU.Build.0 = Release|Any CPU
		{3AD629B7-6D2F-42AB-920B-CD847AE97020}.Debug|Any CPU.ActiveCfg = Debug|Any CPU
		{3AD629B7-6D2F-42AB-920B-CD847AE97020}.Debug|Any CPU.Build.0 = Debug|Any CPU
		{3AD629B7-6D2F-42AB-920B-CD847AE97020}.Release|Any CPU.ActiveCfg = Release|Any CPU
		{3AD629B7-6D2F-42AB-920B-CD847AE97020}.Release|Any CPU.Build.0 = Release|Any CPU
		{5F37A3D2-570C-42B4-9B6F-C9880B4D0A43}.Debug|Any CPU.ActiveCfg = Debug|Any CPU
		{5F37A3D2-570C-42B4-9B6F-C9880B4D0A43}.Debug|Any CPU.Build.0 = Debug|Any CPU
		{5F37A3D2-570C-42B4-9B6F-C9880B4D0A43}.Release|Any CPU.ActiveCfg = Release|Any CPU
		{5F37A3D2-570C-42B4-9B6F-C9880B4D0A43}.Release|Any CPU.Build.0 = Release|Any CPU
	EndGlobalSection
	GlobalSection(SolutionProperties) = preSolution
		HideSolutionNode = FALSE
	EndGlobalSection
EndGlobal
